
Microsoft Visual Studio Solution File, Format Version 12.00
# Visual Studio Version 17
VisualStudioVersion = 17.14.36310.24 d17.14
MinimumVisualStudioVersion = 10.0.40219.1
Project("{FAE04EC0-301F-11D3-BF4B-00C04F79EFBC}") = "RHD Testing", "RHD Testing\RHD Testing.csproj", "{8A0F4C7D-29F6-455B-A757-2B14484FB59B}"
EndProject
Global
	GlobalSection(SolutionConfigurationPlatforms) = preSolution
		Debug|Any CPU = Debug|Any CPU
		Release|Any CPU = Release|Any CPU
	EndGlobalSection
	GlobalSection(ProjectConfigurationPlatforms) = postSolution
		{8A0F4C7D-29F6-455B-A757-2B14484FB59B}.Debug|Any CPU.ActiveCfg = Debug|Any CPU
		{8A0F4C7D-29F6-455B-A757-2B14484FB59B}.Debug|Any CPU.Build.0 = Debug|Any CPU
		{8A0F4C7D-29F6-455B-A757-2B14484FB59B}.Release|Any CPU.ActiveCfg = Release|Any CPU
		{8A0F4C7D-29F6-455B-A757-2B14484FB59B}.Release|Any CPU.Build.0 = Release|Any CPU
	EndGlobalSection
	GlobalSection(SolutionProperties) = preSolution
		HideSolutionNode = FALSE
	EndGlobalSection
	GlobalSection(ExtensibilityGlobals) = postSolution
		SolutionGuid = {2D70E479-3EF4-4959-865F-7ACBC0C5C0DD}
	EndGlobalSection
EndGlobal
